
Microsoft Visual Studio Solution File, Format Version 12.00
# Visual Studio Version 17
VisualStudioVersion = 17.11.35303.130
MinimumVisualStudioVersion = 10.0.40219.1
Project("{FAE04EC0-301F-11D3-BF4B-00C04F79EFBC}") = "CadastroVeiculos", "CadastroVeiculos\CadastroVeiculos.csproj", "{0DAFC90C-0A51-4938-BECC-7B3DBA6B1209}"
EndProject
Global
	GlobalSection(SolutionConfigurationPlatforms) = preSolution
		Debug|Any CPU = Debug|Any CPU
		Release|Any CPU = Release|Any CPU
	EndGlobalSection
	GlobalSection(ProjectConfigurationPlatforms) = postSolution
		{0DAFC90C-0A51-4938-BECC-7B3DBA6B1209}.Debug|Any CPU.ActiveCfg = Debug|Any CPU
		{0DAFC90C-0A51-4938-BECC-7B3DBA6B1209}.Debug|Any CPU.Build.0 = Debug|Any CPU
		{0DAFC90C-0A51-4938-BECC-7B3DBA6B1209}.Release|Any CPU.ActiveCfg = Release|Any CPU
		{0DAFC90C-0A51-4938-BECC-7B3DBA6B1209}.Release|Any CPU.Build.0 = Release|Any CPU
	EndGlobalSection
	GlobalSection(SolutionProperties) = preSolution
		HideSolutionNode = FALSE
	EndGlobalSection
	GlobalSection(ExtensibilityGlobals) = postSolution
		SolutionGuid = {A357B8A0-6F75-445A-A4A3-967E655E364C}
	EndGlobalSection
EndGlobal
